{
  "name": "sugoidekai",
  "lockfileVersion": 3,
  "requires": true,
  "packages": {
    "": {
      "name": "sugoidekai",
      "dependencies": {
        "@clack/core": "^1.4.2",
        "@clack/prompts": "^1.6.0",
        "@openrouter/ai-sdk-provider": "^2.9.1",
        "@types/node": "^26.0.1",
        "ai": "^7.0.2",
        "chalk": "^5.6.2",
        "commander": "^15.0.0",
        "diff": "^9.0.0",
        "figlet": "^1.11.0",
        "marked": "^18.0.5",
        "marked-terminal": "^7.3.0",
        "zod": "^4.4.3"
      },
      "bin": {
        "sugoidekai": "index.ts"
      },
      "devDependencies": {
        "@types/bun": "latest",
        "@types/marked-terminal": "^6.1.1",
        "typescript": "^6.0.3"
      },
      "peerDependencies": {
        "typescript": "^5"
      }
    },
    "node_modules/@ai-sdk/gateway": {
      "version": "4.0.2",
      "license": "Apache-2.0",
      "dependencies": {
        "@ai-sdk/provider": "4.0.0",
        "@ai-sdk/provider-utils": "5.0.0",
        "@vercel/oidc": "3.2.0"
      },
      "engines": {
        "node": ">=22"
      },
      "peerDependencies": {
        "zod": "^3.25.76 || ^4.1.8"
      }
    },
    "node_modules/@ai-sdk/provider": {
      "version": "4.0.0",
      "license": "Apache-2.0",
      "dependencies": {
        "json-schema": "^0.4.0"
      },
      "engines": {
        "node": ">=22"
      }
    },
    "node_modules/@ai-sdk/provider-utils": {
      "version": "5.0.0",
      "license": "Apache-2.0",
      "dependencies": {
        "@ai-sdk/provider": "4.0.0",
        "@standard-schema/spec": "^1.1.0",
        "@workflow/serde": "4.1.0",
        "eventsource-parser": "^3.0.8"
      },
      "engines": {
        "node": ">=22"
      },
      "peerDependencies": {
        "zod": "^3.25.76 || ^4.1.8"
      }
    },
    "node_modules/@clack/core": {
      "version": "1.4.2",
      "license": "MIT",
      "dependencies": {
        "fast-wrap-ansi": "^0.2.0",
        "sisteransi": "^1.0.5"
      },
      "engines": {
        "node": ">= 20.12.0"
      }
    },
    "node_modules/@clack/prompts": {
      "version": "1.6.0",
      "license": "MIT",
      "dependencies": {
        "@clack/core": "1.4.2",
        "fast-string-width": "^3.0.2",
        "fast-wrap-ansi": "^0.2.0",
        "sisteransi": "^1.0.5"
      },
      "engines": {
        "node": ">= 20.12.0"
      }
    },
    "node_modules/@colors/colors": {
      "version": "1.5.0",
      "license": "MIT",
      "optional": true,
      "engines": {
        "node": ">=0.1.90"
      }
    },
    "node_modules/@openrouter/ai-sdk-provider": {
      "version": "2.9.1",
      "license": "Apache-2.0",
      "engines": {
        "node": ">=18"
      },
      "peerDependencies": {
        "ai": "^6.0.0",
        "zod": "^3.25.0 || ^4.0.0"
      }
    },
    "node_modules/@sindresorhus/is": {
      "version": "4.6.0",
      "license": "MIT",
      "engines": {
        "node": ">=10"
      },
      "funding": {
        "url": "https://github.com/sindresorhus/is?sponsor=1"
      }
    },
    "node_modules/@standard-schema/spec": {
      "version": "1.1.0",
      "license": "MIT"
    },
    "node_modules/@types/bun": {
      "version": "1.3.14",
      "resolved": "https://registry.npmjs.org/@types/bun/-/bun-1.3.14.tgz",
      "integrity": "sha512-h1hFqFVcvAvD9j9K7ZW7vd82aSA+rTdznZa+5bwvCwqSB1jmmfLcbIWhOLx1/+boy/xmjgCs/OMUL8hRJSmnPw==",
      "dev": true,
      "license": "MIT",
      "dependencies": {
        "bun-types": "1.3.14"
      }
    },
    "node_modules/@types/cardinal": {
      "version": "2.1.1",
      "resolved": "https://registry.npmjs.org/@types/cardinal/-/cardinal-2.1.1.tgz",
      "integrity": "sha512-/xCVwg8lWvahHsV2wXZt4i64H1sdL+sN1Uoq7fAc8/FA6uYHjuIveDwPwvGUYp4VZiv85dVl6J/Bum3NDAOm8g==",
      "dev": true,
      "license": "MIT"
    },
    "node_modules/@types/marked-terminal": {
      "version": "6.1.1",
      "resolved": "https://registry.npmjs.org/@types/marked-terminal/-/marked-terminal-6.1.1.tgz",
      "integrity": "sha512-DfoUqkmFDCED7eBY9vFUhJ9fW8oZcMAK5EwRDQ9drjTbpQa+DnBTQQCwWhTFVf4WsZ6yYcJTI8D91wxTWXRZZQ==",
      "dev": true,
      "license": "MIT",
      "dependencies": {
        "@types/cardinal": "^2.1",
        "@types/node": "*",
        "chalk": "^5.3.0",
        "marked": ">=6.0.0 <12"
      }
    },
    "node_modules/@types/marked-terminal/node_modules/marked": {
      "version": "11.2.0",
      "resolved": "https://registry.npmjs.org/marked/-/marked-11.2.0.tgz",
      "integrity": "sha512-HR0m3bvu0jAPYiIvLUUQtdg1g6D247//lvcekpHO1WMvbwDlwSkZAX9Lw4F4YHE1T0HaaNve0tuAWuV1UJ6vtw==",
      "dev": true,
      "license": "MIT",
      "bin": {
        "marked": "bin/marked.js"
      },
      "engines": {
        "node": ">= 18"
      }
    },
    "node_modules/@types/node": {
      "version": "26.0.1",
      "license": "MIT",
      "dependencies": {
        "undici-types": "~8.3.0"
      }
    },
    "node_modules/@vercel/oidc": {
      "version": "3.2.0",
      "license": "Apache-2.0",
      "engines": {
        "node": ">= 20"
      }
    },
    "node_modules/@workflow/serde": {
      "version": "4.1.0",
      "license": "Apache-2.0"
    },
    "node_modules/ai": {
      "version": "7.0.2",
      "license": "Apache-2.0",
      "dependencies": {
        "@ai-sdk/gateway": "4.0.2",
        "@ai-sdk/provider": "4.0.0",
        "@ai-sdk/provider-utils": "5.0.0"
      },
      "engines": {
        "node": ">=22"
      },
      "peerDependencies": {
        "zod": "^3.25.76 || ^4.1.8"
      }
    },
    "node_modules/ansi-escapes": {
      "version": "7.3.0",
      "license": "MIT",
      "dependencies": {
        "environment": "^1.0.0"
      },
      "engines": {
        "node": ">=18"
      },
      "funding": {
        "url": "https://github.com/sponsors/sindresorhus"
      }
    },
    "node_modules/ansi-regex": {
      "version": "6.2.2",
      "license": "MIT",
      "engines": {
        "node": ">=12"
      },
      "funding": {
        "url": "https://github.com/chalk/ansi-regex?sponsor=1"
      }
    },
    "node_modules/ansi-styles": {
      "version": "4.3.0",
      "license": "MIT",
      "dependencies": {
        "color-convert": "^2.0.1"
      },
      "engines": {
        "node": ">=8"
      },
      "funding": {
        "url": "https://github.com/chalk/ansi-styles?sponsor=1"
      }
    },
    "node_modules/any-promise": {
      "version": "1.3.0",
      "license": "MIT"
    },
    "node_modules/bun-types": {
      "version": "1.3.14",
      "dev": true,
      "license": "MIT",
      "dependencies": {
        "@types/node": "*"
      }
    },
    "node_modules/chalk": {
      "version": "5.6.2",
      "license": "MIT",
      "engines": {
        "node": "^12.17.0 || ^14.13 || >=16.0.0"
      },
      "funding": {
        "url": "https://github.com/chalk/chalk?sponsor=1"
      }
    },
    "node_modules/char-regex": {
      "version": "1.0.2",
      "license": "MIT",
      "engines": {
        "node": ">=10"
      }
    },
    "node_modules/cli-highlight": {
      "version": "2.1.11",
      "license": "ISC",
      "dependencies": {
        "chalk": "^4.0.0",
        "highlight.js": "^10.7.1",
        "mz": "^2.4.0",
        "parse5": "^5.1.1",
        "parse5-htmlparser2-tree-adapter": "^6.0.0",
        "yargs": "^16.0.0"
      },
      "bin": {
        "highlight": "bin/highlight"
      },
      "engines": {
        "node": ">=8.0.0",
        "npm": ">=5.0.0"
      }
    },
    "node_modules/cli-highlight/node_modules/chalk": {
      "version": "4.1.2",
      "license": "MIT",
      "dependencies": {
        "ansi-styles": "^4.1.0",
        "supports-color": "^7.1.0"
      },
      "engines": {
        "node": ">=10"
      },
      "funding": {
        "url": "https://github.com/chalk/chalk?sponsor=1"
      }
    },
    "node_modules/cli-table3": {
      "version": "0.6.5",
      "license": "MIT",
      "dependencies": {
        "string-width": "^4.2.0"
      },
      "engines": {
        "node": "10.* || >= 12.*"
      },
      "optionalDependencies": {
        "@colors/colors": "1.5.0"
      }
    },
    "node_modules/cliui": {
      "version": "7.0.4",
      "license": "ISC",
      "dependencies": {
        "string-width": "^4.2.0",
        "strip-ansi": "^6.0.0",
        "wrap-ansi": "^7.0.0"
      }
    },
    "node_modules/color-convert": {
      "version": "2.0.1",
      "license": "MIT",
      "dependencies": {
        "color-name": "~1.1.4"
      },
      "engines": {
        "node": ">=7.0.0"
      }
    },
    "node_modules/color-name": {
      "version": "1.1.4",
      "license": "MIT"
    },
    "node_modules/commander": {
      "version": "15.0.0",
      "license": "MIT",
      "engines": {
        "node": ">=22.12.0"
      }
    },
    "node_modules/diff": {
      "version": "9.0.0",
      "license": "BSD-3-Clause",
      "engines": {
        "node": ">=0.3.1"
      }
    },
    "node_modules/emoji-regex": {
      "version": "8.0.0",
      "license": "MIT"
    },
    "node_modules/emojilib": {
      "version": "2.4.0",
      "license": "MIT"
    },
    "node_modules/environment": {
      "version": "1.1.0",
      "license": "MIT",
      "engines": {
        "node": ">=18"
      },
      "funding": {
        "url": "https://github.com/sponsors/sindresorhus"
      }
    },
    "node_modules/escalade": {
      "version": "3.2.0",
      "license": "MIT",
      "engines": {
        "node": ">=6"
      }
    },
    "node_modules/eventsource-parser": {
      "version": "3.1.0",
      "license": "MIT",
      "engines": {
        "node": ">=18.0.0"
      }
    },
    "node_modules/fast-string-truncated-width": {
      "version": "3.0.3",
      "license": "MIT"
    },
    "node_modules/fast-string-width": {
      "version": "3.0.2",
      "license": "MIT",
      "dependencies": {
        "fast-string-truncated-width": "^3.0.2"
      }
    },
    "node_modules/fast-wrap-ansi": {
      "version": "0.2.2",
      "license": "MIT",
      "dependencies": {
        "fast-string-width": "^3.0.2"
      }
    },
    "node_modules/figlet": {
      "version": "1.11.0",
      "license": "MIT",
      "dependencies": {
        "commander": "^14.0.0"
      },
      "bin": {
        "figlet": "bin/index.js"
      },
      "engines": {
        "node": ">= 17.0.0"
      }
    },
    "node_modules/figlet/node_modules/commander": {
      "version": "14.0.3",
      "license": "MIT",
      "engines": {
        "node": ">=20"
      }
    },
    "node_modules/get-caller-file": {
      "version": "2.0.5",
      "license": "ISC",
      "engines": {
        "node": "6.* || 8.* || >= 10.*"
      }
    },
    "node_modules/has-flag": {
      "version": "4.0.0",
      "license": "MIT",
      "engines": {
        "node": ">=8"
      }
    },
    "node_modules/highlight.js": {
      "version": "10.7.3",
      "license": "BSD-3-Clause",
      "engines": {
        "node": "*"
      }
    },
    "node_modules/is-fullwidth-code-point": {
      "version": "3.0.0",
      "license": "MIT",
      "engines": {
        "node": ">=8"
      }
    },
    "node_modules/json-schema": {
      "version": "0.4.0",
      "license": "(AFL-2.1 OR BSD-3-Clause)"
    },
    "node_modules/marked": {
      "version": "18.0.5",
      "license": "MIT",
      "bin": {
        "marked": "bin/marked.js"
      },
      "engines": {
        "node": ">= 20"
      }
    },
    "node_modules/marked-terminal": {
      "version": "7.3.0",
      "license": "MIT",
      "dependencies": {
        "ansi-escapes": "^7.0.0",
        "ansi-regex": "^6.1.0",
        "chalk": "^5.4.1",
        "cli-highlight": "^2.1.11",
        "cli-table3": "^0.6.5",
        "node-emoji": "^2.2.0",
        "supports-hyperlinks": "^3.1.0"
      },
      "engines": {
        "node": ">=16.0.0"
      },
      "peerDependencies": {
        "marked": ">=1 <16"
      }
    },
    "node_modules/mz": {
      "version": "2.7.0",
      "license": "MIT",
      "dependencies": {
        "any-promise": "^1.0.0",
        "object-assign": "^4.0.1",
        "thenify-all": "^1.0.0"
      }
    },
    "node_modules/node-emoji": {
      "version": "2.2.0",
      "license": "MIT",
      "dependencies": {
        "@sindresorhus/is": "^4.6.0",
        "char-regex": "^1.0.2",
        "emojilib": "^2.4.0",
        "skin-tone": "^2.0.0"
      },
      "engines": {
        "node": ">=18"
      }
    },
    "node_modules/object-assign": {
      "version": "4.1.1",
      "license": "MIT",
      "engines": {
        "node": ">=0.10.0"
      }
    },
    "node_modules/parse5": {
      "version": "5.1.1",
      "license": "MIT"
    },
    "node_modules/parse5-htmlparser2-tree-adapter": {
      "version": "6.0.1",
      "license": "MIT",
      "dependencies": {
        "parse5": "^6.0.1"
      }
    },
    "node_modules/parse5-htmlparser2-tree-adapter/node_modules/parse5": {
      "version": "6.0.1",
      "license": "MIT"
    },
    "node_modules/require-directory": {
      "version": "2.1.1",
      "license": "MIT",
      "engines": {
        "node": ">=0.10.0"
      }
    },
    "node_modules/sisteransi": {
      "version": "1.0.5",
      "license": "MIT"
    },
    "node_modules/skin-tone": {
      "version": "2.0.0",
      "license": "MIT",
      "dependencies": {
        "unicode-emoji-modifier-base": "^1.0.0"
      },
      "engines": {
        "node": ">=8"
      }
    },
    "node_modules/string-width": {
      "version": "4.2.3",
      "license": "MIT",
      "dependencies": {
        "emoji-regex": "^8.0.0",
        "is-fullwidth-code-point": "^3.0.0",
        "strip-ansi": "^6.0.1"
      },
      "engines": {
        "node": ">=8"
      }
    },
    "node_modules/strip-ansi": {
      "version": "6.0.1",
      "license": "MIT",
      "dependencies": {
        "ansi-regex": "^5.0.1"
      },
      "engines": {
        "node": ">=8"
      }
    },
    "node_modules/strip-ansi/node_modules/ansi-regex": {
      "version": "5.0.1",
      "license": "MIT",
      "engines": {
        "node": ">=8"
      }
    },
    "node_modules/supports-color": {
      "version": "7.2.0",
      "license": "MIT",
      "dependencies": {
        "has-flag": "^4.0.0"
      },
      "engines": {
        "node": ">=8"
      }
    },
    "node_modules/supports-hyperlinks": {
      "version": "3.2.0",
      "license": "MIT",
      "dependencies": {
        "has-flag": "^4.0.0",
        "supports-color": "^7.0.0"
      },
      "engines": {
        "node": ">=14.18"
      },
      "funding": {
        "url": "https://github.com/chalk/supports-hyperlinks?sponsor=1"
      }
    },
    "node_modules/thenify": {
      "version": "3.3.1",
      "license": "MIT",
      "dependencies": {
        "any-promise": "^1.0.0"
      }
    },
    "node_modules/thenify-all": {
      "version": "1.6.0",
      "license": "MIT",
      "dependencies": {
        "thenify": ">= 3.1.0 < 4"
      },
      "engines": {
        "node": ">=0.8"
      }
    },
    "node_modules/typescript": {
      "version": "6.0.3",
      "resolved": "https://registry.npmjs.org/typescript/-/typescript-6.0.3.tgz",
      "integrity": "sha512-y2TvuxSZPDyQakkFRPZHKFm+KKVqIisdg9/CZwm9ftvKXLP8NRWj38/ODjNbr43SsoXqNuAisEf1GdCxqWcdBw==",
      "dev": true,
      "license": "Apache-2.0",
      "bin": {
        "tsc": "bin/tsc",
        "tsserver": "bin/tsserver"
      },
      "engines": {
        "node": ">=14.17"
      }
    },
    "node_modules/undici-types": {
      "version": "8.3.0",
      "license": "MIT"
    },
    "node_modules/unicode-emoji-modifier-base": {
      "version": "1.0.0",
      "license": "MIT",
      "engines": {
        "node": ">=4"
      }
    },
    "node_modules/wrap-ansi": {
      "version": "7.0.0",
      "license": "MIT",
      "dependencies": {
        "ansi-styles": "^4.0.0",
        "string-width": "^4.1.0",
        "strip-ansi": "^6.0.0"
      },
      "engines": {
        "node": ">=10"
      },
      "funding": {
        "url": "https://github.com/chalk/wrap-ansi?sponsor=1"
      }
    },
    "node_modules/y18n": {
      "version": "5.0.8",
      "license": "ISC",
      "engines": {
        "node": ">=10"
      }
    },
    "node_modules/yargs": {
      "version": "16.2.2",
      "license": "MIT",
      "dependencies": {
        "cliui": "^7.0.2",
        "escalade": "^3.1.1",
        "get-caller-file": "^2.0.5",
        "require-directory": "^2.1.1",
        "string-width": "^4.2.0",
        "y18n": "^5.0.5",
        "yargs-parser": "^20.2.2"
      },
      "engines": {
        "node": ">=10"
      }
    },
    "node_modules/yargs-parser": {
      "version": "20.2.9",
      "license": "ISC",
      "engines": {
        "node": ">=10"
      }
    },
    "node_modules/zod": {
      "version": "4.4.3",
      "resolved": "https://registry.npmjs.org/zod/-/zod-4.4.3.tgz",
      "integrity": "sha512-ytENFjIJFl2UwYglde2jchW2Hwm4GJFLDiSXWdTrJQBIN9Fcyp7n4DhxJEiWNAJMV1/BqWfW/kkg71UDcHJyTQ==",
      "license": "MIT",
      "funding": {
        "url": "https://github.com/sponsors/colinhacks"
      }
    }
  }
}
